
Microsoft Visual Studio Solution File, Format Version 12.00
# Visual Studio 14
VisualStudioVersion = 14.0.25123.0
MinimumVisualStudioVersion = 10.0.40219.1
Project("{F184B08F-C81C-45F6-A57F-5ABD9991F28F}") = "StatementBuildersBase", "..\StatementBuildersBase\StatementBuildersBase\StatementBuildersBase.vbproj", "{D61CD833-CB17-470B-9D4C-D42B75FF07F4}"
EndProject
Project("{2150E333-8FDC-42A3-9474-1A3956D46DE8}") = "BCW.Foundation", "BCW.Foundation", "{C4A530AE-3614-4B2E-ABCD-AE01596C4C8F}"
EndProject
Project("{F184B08F-C81C-45F6-A57F-5ABD9991F28F}") = "Base", "..\..\..\Base\Base\Base.vbproj", "{752E8911-60E4-4CEA-BF25-99411A134103}"
EndProject
Project("{2150E333-8FDC-42A3-9474-1A3956D46DE8}") = "BCW.Foundation.Data.StatementBuilders", "BCW.Foundation.Data.StatementBuilders", "{09EC6861-5D88-467C-8E4E-2D8C2A1AE53D}"
EndProject
Project("{F184B08F-C81C-45F6-A57F-5ABD9991F28F}") = "StatementBuildersMySql", "..\StatementBuildersMySql\StatementBuildersMySql.vbproj", "{14855517-15F0-4C2E-B2AB-51299ADC2C30}"
EndProject
Project("{2150E333-8FDC-42A3-9474-1A3956D46DE8}") = "Test", "Test", "{D6CF5489-D9D4-441C-AA36-DFDA2DFB2234}"
EndProject
Project("{F184B08F-C81C-45F6-A57F-5ABD9991F28F}") = "TestConsoleApplication", "..\TestConsoleApplication\TestConsoleApplication.vbproj", "{5960F5A6-0ACA-4675-B92D-BBD5A11B2389}"
EndProject
Project("{F184B08F-C81C-45F6-A57F-5ABD9991F28F}") = "StatementBuildersAD", "..\StatementBuildersAD\StatementBuildersAD.vbproj", "{D3F2B589-EDAF-471B-8A15-55D3A90FAE2B}"
EndProject
Project("{F184B08F-C81C-45F6-A57F-5ABD9991F28F}") = "StatementBuildersMsSql", "..\StatementBuildersMsSql\StatementBuildersMsSql.vbproj", "{E99A4FD6-4B4B-404D-8CD7-199ECC939FDF}"
EndProject
Global
	GlobalSection(SolutionConfigurationPlatforms) = preSolution
		Debug|Any CPU = Debug|Any CPU
		Debug|x86 = Debug|x86
		Release|Any CPU = Release|Any CPU
		Release|x86 = Release|x86
	EndGlobalSection
	GlobalSection(ProjectConfigurationPlatforms) = postSolution
		{D61CD833-CB17-470B-9D4C-D42B75FF07F4}.Debug|Any CPU.ActiveCfg = Debug|Any CPU
		{D61CD833-CB17-470B-9D4C-D42B75FF07F4}.Debug|Any CPU.Build.0 = Debug|Any CPU
		{D61CD833-CB17-470B-9D4C-D42B75FF07F4}.Debug|x86.ActiveCfg = Debug|Any CPU
		{D61CD833-CB17-470B-9D4C-D42B75FF07F4}.Debug|x86.Build.0 = Debug|Any CPU
		{D61CD833-CB17-470B-9D4C-D42B75FF07F4}.Release|Any CPU.ActiveCfg = Release|Any CPU
		{D61CD833-CB17-470B-9D4C-D42B75FF07F4}.Release|Any CPU.Build.0 = Release|Any CPU
		{D61CD833-CB17-470B-9D4C-D42B75FF07F4}.Release|x86.ActiveCfg = Release|Any CPU
		{D61CD833-CB17-470B-9D4C-D42B75FF07F4}.Release|x86.Build.0 = Release|Any CPU
		{752E8911-60E4-4CEA-BF25-99411A134103}.Debug|Any CPU.ActiveCfg = Debug|Any CPU
		{752E8911-60E4-4CEA-BF25-99411A134103}.Debug|Any CPU.Build.0 = Debug|Any CPU
		{752E8911-60E4-4CEA-BF25-99411A134103}.Debug|x86.ActiveCfg = Debug|x86
		{752E8911-60E4-4CEA-BF25-99411A134103}.Debug|x86.Build.0 = Debug|x86
		{752E8911-60E4-4CEA-BF25-99411A134103}.Release|Any CPU.ActiveCfg = Release|Any CPU
		{752E8911-60E4-4CEA-BF25-99411A134103}.Release|Any CPU.Build.0 = Release|Any CPU
		{752E8911-60E4-4CEA-BF25-99411A134103}.Release|x86.ActiveCfg = Release|x86
		{752E8911-60E4-4CEA-BF25-99411A134103}.Release|x86.Build.0 = Release|x86
		{14855517-15F0-4C2E-B2AB-51299ADC2C30}.Debug|Any CPU.ActiveCfg = Debug|Any CPU
		{14855517-15F0-4C2E-B2AB-51299ADC2C30}.Debug|Any CPU.Build.0 = Debug|Any CPU
		{14855517-15F0-4C2E-B2AB-51299ADC2C30}.Debug|x86.ActiveCfg = Debug|Any CPU
		{14855517-15F0-4C2E-B2AB-51299ADC2C30}.Debug|x86.Build.0 = Debug|Any CPU
		{14855517-15F0-4C2E-B2AB-51299ADC2C30}.Release|Any CPU.ActiveCfg = Release|Any CPU
		{14855517-15F0-4C2E-B2AB-51299ADC2C30}.Release|Any CPU.Build.0 = Release|Any CPU
		{14855517-15F0-4C2E-B2AB-51299ADC2C30}.Release|x86.ActiveCfg = Release|Any CPU
		{14855517-15F0-4C2E-B2AB-51299ADC2C30}.Release|x86.Build.0 = Release|Any CPU
		{5960F5A6-0ACA-4675-B92D-BBD5A11B2389}.Debug|Any CPU.ActiveCfg = Debug|Any CPU
		{5960F5A6-0ACA-4675-B92D-BBD5A11B2389}.Debug|Any CPU.Build.0 = Debug|Any CPU
		{5960F5A6-0ACA-4675-B92D-BBD5A11B2389}.Debug|x86.ActiveCfg = Debug|Any CPU
		{5960F5A6-0ACA-4675-B92D-BBD5A11B2389}.Debug|x86.Build.0 = Debug|Any CPU
		{5960F5A6-0ACA-4675-B92D-BBD5A11B2389}.Release|Any CPU.ActiveCfg = Release|Any CPU
		{5960F5A6-0ACA-4675-B92D-BBD5A11B2389}.Release|Any CPU.Build.0 = Release|Any CPU
		{5960F5A6-0ACA-4675-B92D-BBD5A11B2389}.Release|x86.ActiveCfg = Release|Any CPU
		{5960F5A6-0ACA-4675-B92D-BBD5A11B2389}.Release|x86.Build.0 = Release|Any CPU
		{D3F2B589-EDAF-471B-8A15-55D3A90FAE2B}.Debug|Any CPU.ActiveCfg = Debug|Any CPU
		{D3F2B589-EDAF-471B-8A15-55D3A90FAE2B}.Debug|Any CPU.Build.0 = Debug|Any CPU
		{D3F2B589-EDAF-471B-8A15-55D3A90FAE2B}.Debug|x86.ActiveCfg = Debug|Any CPU
		{D3F2B589-EDAF-471B-8A15-55D3A90FAE2B}.Debug|x86.Build.0 = Debug|Any CPU
		{D3F2B589-EDAF-471B-8A15-55D3A90FAE2B}.Release|Any CPU.ActiveCfg = Release|Any CPU
		{D3F2B589-EDAF-471B-8A15-55D3A90FAE2B}.Release|Any CPU.Build.0 = Release|Any CPU
		{D3F2B589-EDAF-471B-8A15-55D3A90FAE2B}.Release|x86.ActiveCfg = Release|Any CPU
		{D3F2B589-EDAF-471B-8A15-55D3A90FAE2B}.Release|x86.Build.0 = Release|Any CPU
		{E99A4FD6-4B4B-404D-8CD7-199ECC939FDF}.Debug|Any CPU.ActiveCfg = Debug|Any CPU
		{E99A4FD6-4B4B-404D-8CD7-199ECC939FDF}.Debug|Any CPU.Build.0 = Debug|Any CPU
		{E99A4FD6-4B4B-404D-8CD7-199ECC939FDF}.Debug|x86.ActiveCfg = Debug|Any CPU
		{E99A4FD6-4B4B-404D-8CD7-199ECC939FDF}.Debug|x86.Build.0 = Debug|Any CPU
		{E99A4FD6-4B4B-404D-8CD7-199ECC939FDF}.Release|Any CPU.ActiveCfg = Release|Any CPU
		{E99A4FD6-4B4B-404D-8CD7-199ECC939FDF}.Release|Any CPU.Build.0 = Release|Any CPU
		{E99A4FD6-4B4B-404D-8CD7-199ECC939FDF}.Release|x86.ActiveCfg = Release|Any CPU
		{E99A4FD6-4B4B-404D-8CD7-199ECC939FDF}.Release|x86.Build.0 = Release|Any CPU
	EndGlobalSection
	GlobalSection(SolutionProperties) = preSolution
		HideSolutionNode = FALSE
	EndGlobalSection
	GlobalSection(NestedProjects) = preSolution
		{D61CD833-CB17-470B-9D4C-D42B75FF07F4} = {09EC6861-5D88-467C-8E4E-2D8C2A1AE53D}
		{752E8911-60E4-4CEA-BF25-99411A134103} = {C4A530AE-3614-4B2E-ABCD-AE01596C4C8F}
		{14855517-15F0-4C2E-B2AB-51299ADC2C30} = {09EC6861-5D88-467C-8E4E-2D8C2A1AE53D}
		{5960F5A6-0ACA-4675-B92D-BBD5A11B2389} = {D6CF5489-D9D4-441C-AA36-DFDA2DFB2234}
		{D3F2B589-EDAF-471B-8A15-55D3A90FAE2B} = {09EC6861-5D88-467C-8E4E-2D8C2A1AE53D}
		{E99A4FD6-4B4B-404D-8CD7-199ECC939FDF} = {09EC6861-5D88-467C-8E4E-2D8C2A1AE53D}
	EndGlobalSection
EndGlobal
